
Microsoft Visual Studio Solution File, Format Version 12.00
# Visual Studio 15
VisualStudioVersion = 15.0.27703.2026
MinimumVisualStudioVersion = 10.0.40219.1
Project("{FAE04EC0-301F-11D3-BF4B-00C04F79EFBC}") = "AppleReceiptParser", "AppleReceiptParser\AppleReceiptParser.csproj", "{9F3BF3A1-41F3-414D-9F14-8AF2CDDCEF17}"
EndProject
Project("{FAE04EC0-301F-11D3-BF4B-00C04F79EFBC}") = "AppleReceiptParser.Tests", "AppleReceiptParser.Tests\AppleReceiptParser.Tests.csproj", "{BF42CDCC-3A31-4109-B869-4F979C14563B}"
EndProject
Global
	GlobalSection(SolutionConfigurationPlatforms) = preSolution
		Debug|Any CPU = Debug|Any CPU
		Release|Any CPU = Release|Any CPU
	EndGlobalSection
	GlobalSection(ProjectConfigurationPlatforms) = postSolution
		{9F3BF3A1-41F3-414D-9F14-8AF2CDDCEF17}.Debug|Any CPU.ActiveCfg = Debug|Any CPU
		{9F3BF3A1-41F3-414D-9F14-8AF2CDDCEF17}.Debug|Any CPU.Build.0 = Debug|Any CPU
		{9F3BF3A1-41F3-414D-9F14-8AF2CDDCEF17}.Release|Any CPU.ActiveCfg = Release|Any CPU
		{9F3BF3A1-41F3-414D-9F14-8AF2CDDCEF17}.Release|Any CPU.Build.0 = Release|Any CPU
		{BF42CDCC-3A31-4109-B869-4F979C14563B}.Debug|Any CPU.ActiveCfg = Debug|Any CPU
		{BF42CDCC-3A31-4109-B869-4F979C14563B}.Debug|Any CPU.Build.0 = Debug|Any CPU
		{BF42CDCC-3A31-4109-B869-4F979C14563B}.Release|Any CPU.ActiveCfg = Release|Any CPU
		{BF42CDCC-3A31-4109-B869-4F979C14563B}.Release|Any CPU.Build.0 = Release|Any CPU
	EndGlobalSection
	GlobalSection(SolutionProperties) = preSolution
		HideSolutionNode = FALSE
	EndGlobalSection
	GlobalSection(ExtensibilityGlobals) = postSolution
		SolutionGuid = {6FD45EFB-AA47-4AD2-8384-33621A498BB3}
	EndGlobalSection
EndGlobal
